
Microsoft Visual Studio Solution File, Format Version 12.00
# Visual Studio Version 17
VisualStudioVersion = 17.13.35818.85 d17.13
MinimumVisualStudioVersion = 10.0.40219.1
Project("{888888A0-9F3D-457C-B088-3A5042F75D52}") = "alphanum translator gunn", "alphanum translator gunn.pyproj", "{EAAEDB8F-10C9-41CE-B029-1914F3E828F4}"
EndProject
Global
	GlobalSection(SolutionConfigurationPlatforms) = preSolution
		Debug|Any CPU = Debug|Any CPU
		Release|Any CPU = Release|Any CPU
	EndGlobalSection
	GlobalSection(ProjectConfigurationPlatforms) = postSolution
		{EAAEDB8F-10C9-41CE-B029-1914F3E828F4}.Debug|Any CPU.ActiveCfg = Debug|Any CPU
		{EAAEDB8F-10C9-41CE-B029-1914F3E828F4}.Release|Any CPU.ActiveCfg = Release|Any CPU
	EndGlobalSection
	GlobalSection(SolutionProperties) = preSolution
		HideSolutionNode = FALSE
	EndGlobalSection
	GlobalSection(ExtensibilityGlobals) = postSolution
		SolutionGuid = {B4DBBA60-3294-4F57-948A-8399072A01DF}
	EndGlobalSection
EndGlobal
